
Microsoft Visual Studio Solution File, Format Version 12.00
# Visual Studio Version 17
VisualStudioVersion = 17.11.35219.272
MinimumVisualStudioVersion = 10.0.40219.1
Project("{8BC9CEB8-8B4A-11D0-8D11-00A0C91BC942}") = "3TeamProject", "3TeamProject\3TeamProject.vcxproj", "{DCE670C2-CA8A-4A6F-BCDA-72E779CD7912}"
EndProject
Global
	GlobalSection(SolutionConfigurationPlatforms) = preSolution
		Debug|x64 = Debug|x64
		Debug|x86 = Debug|x86
		Release|x64 = Release|x64
		Release|x86 = Release|x86
	EndGlobalSection
	GlobalSection(ProjectConfigurationPlatforms) = postSolution
		{DCE670C2-CA8A-4A6F-BCDA-72E779CD7912}.Debug|x64.ActiveCfg = Debug|x64
		{DCE670C2-CA8A-4A6F-BCDA-72E779CD7912}.Debug|x64.Build.0 = Debug|x64
		{DCE670C2-CA8A-4A6F-BCDA-72E779CD7912}.Debug|x86.ActiveCfg = Debug|Win32
		{DCE670C2-CA8A-4A6F-BCDA-72E779CD7912}.Debug|x86.Build.0 = Debug|Win32
		{DCE670C2-CA8A-4A6F-BCDA-72E779CD7912}.Release|x64.ActiveCfg = Release|x64
		{DCE670C2-CA8A-4A6F-BCDA-72E779CD7912}.Release|x64.Build.0 = Release|x64
		{DCE670C2-CA8A-4A6F-BCDA-72E779CD7912}.Release|x86.ActiveCfg = Release|Win32
		{DCE670C2-CA8A-4A6F-BCDA-72E779CD7912}.Release|x86.Build.0 = Release|Win32
	EndGlobalSection
	GlobalSection(SolutionProperties) = preSolution
		HideSolutionNode = FALSE
	EndGlobalSection
	GlobalSection(ExtensibilityGlobals) = postSolution
		SolutionGuid = {1AF5DE32-1ED1-4533-B02A-A9505E7D8208}
	EndGlobalSection
EndGlobal
